
Microsoft Visual Studio Solution File, Format Version 12.00
# Visual Studio Version 17
VisualStudioVersion = 17.12.35527.113
MinimumVisualStudioVersion = 10.0.40219.1
Project("{FAE04EC0-301F-11D3-BF4B-00C04F79EFBC}") = "sls-api", "sls-api\sls-api.csproj", "{1C3F6D0E-5DB0-47BC-BBEC-F7D1EA83C3E1}"
EndProject
Project("{FAE04EC0-301F-11D3-BF4B-00C04F79EFBC}") = "sls-borders", "sls-borders\sls-borders.csproj", "{ABCCF8AB-32F6-4319-BCAA-500B1AAD0CE1}"
EndProject
Project("{FAE04EC0-301F-11D3-BF4B-00C04F79EFBC}") = "sls-repos", "sls-repos\sls-repos.csproj", "{E41CE70B-F694-4235-959D-AA3E85F72542}"
EndProject
Project("{FAE04EC0-301F-11D3-BF4B-00C04F79EFBC}") = "sls-utils", "sls-utils\sls-utils.csproj", "{B23BB63A-A95C-4F12-B9CF-CE4C100CC075}"
EndProject
Project("{E53339B2-1760-4266-BCC7-CA923CBCF16C}") = "docker-compose", "docker-compose.dcproj", "{81DDED9D-158B-E303-5F62-77A2896D2A5A}"
EndProject
Project("{2150E333-8FDC-42A3-9474-1A3956D46DE8}") = "assets", "assets", "{02EA681E-C7D8-13C7-8484-4AC65E1B71E8}"
EndProject
Project("{2150E333-8FDC-42A3-9474-1A3956D46DE8}") = "images", "images", "{2A4C896D-84E3-42C8-8A58-FA6EB9206F38}"
	ProjectSection(SolutionItems) = preProject
		..\sls-app\public\logo\sls-logo.svg = ..\sls-app\public\logo\sls-logo.svg
	EndProjectSection
EndProject
Project("{2150E333-8FDC-42A3-9474-1A3956D46DE8}") = "templates", "templates", "{3356E855-4C5E-47DA-9B99-A49B596A0CE3}"
	ProjectSection(SolutionItems) = preProject
		registration_email.html = registration_email.html
	EndProjectSection
EndProject
Global
	GlobalSection(SolutionConfigurationPlatforms) = preSolution
		Debug|Any CPU = Debug|Any CPU
		Debug|x64 = Debug|x64
		Debug|x86 = Debug|x86
		Release|Any CPU = Release|Any CPU
		Release|x64 = Release|x64
		Release|x86 = Release|x86
	EndGlobalSection
	GlobalSection(ProjectConfigurationPlatforms) = postSolution
		{1C3F6D0E-5DB0-47BC-BBEC-F7D1EA83C3E1}.Debug|Any CPU.ActiveCfg = Debug|Any CPU
		{1C3F6D0E-5DB0-47BC-BBEC-F7D1EA83C3E1}.Debug|Any CPU.Build.0 = Debug|Any CPU
		{1C3F6D0E-5DB0-47BC-BBEC-F7D1EA83C3E1}.Debug|x64.ActiveCfg = Debug|Any CPU
		{1C3F6D0E-5DB0-47BC-BBEC-F7D1EA83C3E1}.Debug|x64.Build.0 = Debug|Any CPU
		{1C3F6D0E-5DB0-47BC-BBEC-F7D1EA83C3E1}.Debug|x86.ActiveCfg = Debug|Any CPU
		{1C3F6D0E-5DB0-47BC-BBEC-F7D1EA83C3E1}.Debug|x86.Build.0 = Debug|Any CPU
		{1C3F6D0E-5DB0-47BC-BBEC-F7D1EA83C3E1}.Release|Any CPU.ActiveCfg = Release|Any CPU
		{1C3F6D0E-5DB0-47BC-BBEC-F7D1EA83C3E1}.Release|Any CPU.Build.0 = Release|Any CPU
		{1C3F6D0E-5DB0-47BC-BBEC-F7D1EA83C3E1}.Release|x64.ActiveCfg = Release|Any CPU
		{1C3F6D0E-5DB0-47BC-BBEC-F7D1EA83C3E1}.Release|x64.Build.0 = Release|Any CPU
		{1C3F6D0E-5DB0-47BC-BBEC-F7D1EA83C3E1}.Release|x86.ActiveCfg = Release|Any CPU
		{1C3F6D0E-5DB0-47BC-BBEC-F7D1EA83C3E1}.Release|x86.Build.0 = Release|Any CPU
		{ABCCF8AB-32F6-4319-BCAA-500B1AAD0CE1}.Debug|Any CPU.ActiveCfg = Debug|Any CPU
		{ABCCF8AB-32F6-4319-BCAA-500B1AAD0CE1}.Debug|Any CPU.Build.0 = Debug|Any CPU
		{ABCCF8AB-32F6-4319-BCAA-500B1AAD0CE1}.Debug|x64.ActiveCfg = Debug|Any CPU
		{ABCCF8AB-32F6-4319-BCAA-500B1AAD0CE1}.Debug|x64.Build.0 = Debug|Any CPU
		{ABCCF8AB-32F6-4319-BCAA-500B1AAD0CE1}.Debug|x86.ActiveCfg = Debug|Any CPU
		{ABCCF8AB-32F6-4319-BCAA-500B1AAD0CE1}.Debug|x86.Build.0 = Debug|Any CPU
		{ABCCF8AB-32F6-4319-BCAA-500B1AAD0CE1}.Release|Any CPU.ActiveCfg = Release|Any CPU
		{ABCCF8AB-32F6-4319-BCAA-500B1AAD0CE1}.Release|Any CPU.Build.0 = Release|Any CPU
		{ABCCF8AB-32F6-4319-BCAA-500B1AAD0CE1}.Release|x64.ActiveCfg = Release|Any CPU
		{ABCCF8AB-32F6-4319-BCAA-500B1AAD0CE1}.Release|x64.Build.0 = Release|Any CPU
		{ABCCF8AB-32F6-4319-BCAA-500B1AAD0CE1}.Release|x86.ActiveCfg = Release|Any CPU
		{ABCCF8AB-32F6-4319-BCAA-500B1AAD0CE1}.Release|x86.Build.0 = Release|Any CPU
		{E41CE70B-F694-4235-959D-AA3E85F72542}.Debug|Any CPU.ActiveCfg = Debug|Any CPU
		{E41CE70B-F694-4235-959D-AA3E85F72542}.Debug|Any CPU.Build.0 = Debug|Any CPU
		{E41CE70B-F694-4235-959D-AA3E85F72542}.Debug|x64.ActiveCfg = Debug|Any CPU
		{E41CE70B-F694-4235-959D-AA3E85F72542}.Debug|x64.Build.0 = Debug|Any CPU
		{E41CE70B-F694-4235-959D-AA3E85F72542}.Debug|x86.ActiveCfg = Debug|Any CPU
		{E41CE70B-F694-4235-959D-AA3E85F72542}.Debug|x86.Build.0 = Debug|Any CPU
		{E41CE70B-F694-4235-959D-AA3E85F72542}.Release|Any CPU.ActiveCfg = Release|Any CPU
		{E41CE70B-F694-4235-959D-AA3E85F72542}.Release|Any CPU.Build.0 = Release|Any CPU
		{E41CE70B-F694-4235-959D-AA3E85F72542}.Release|x64.ActiveCfg = Release|Any CPU
		{E41CE70B-F694-4235-959D-AA3E85F72542}.Release|x64.Build.0 = Release|Any CPU
		{E41CE70B-F694-4235-959D-AA3E85F72542}.Release|x86.ActiveCfg = Release|Any CPU
		{E41CE70B-F694-4235-959D-AA3E85F72542}.Release|x86.Build.0 = Release|Any CPU
		{B23BB63A-A95C-4F12-B9CF-CE4C100CC075}.Debug|Any CPU.ActiveCfg = Debug|Any CPU
		{B23BB63A-A95C-4F12-B9CF-CE4C100CC075}.Debug|Any CPU.Build.0 = Debug|Any CPU
		{B23BB63A-A95C-4F12-B9CF-CE4C100CC075}.Debug|x64.ActiveCfg = Debug|Any CPU
		{B23BB63A-A95C-4F12-B9CF-CE4C100CC075}.Debug|x64.Build.0 = Debug|Any CPU
		{B23BB63A-A95C-4F12-B9CF-CE4C100CC075}.Debug|x86.ActiveCfg = Debug|Any CPU
		{B23BB63A-A95C-4F12-B9CF-CE4C100CC075}.Debug|x86.Build.0 = Debug|Any CPU
		{B23BB63A-A95C-4F12-B9CF-CE4C100CC075}.Release|Any CPU.ActiveCfg = Release|Any CPU
		{B23BB63A-A95C-4F12-B9CF-CE4C100CC075}.Release|Any CPU.Build.0 = Release|Any CPU
		{B23BB63A-A95C-4F12-B9CF-CE4C100CC075}.Release|x64.ActiveCfg = Release|Any CPU
		{B23BB63A-A95C-4F12-B9CF-CE4C100CC075}.Release|x64.Build.0 = Release|Any CPU
		{B23BB63A-A95C-4F12-B9CF-CE4C100CC075}.Release|x86.ActiveCfg = Release|Any CPU
		{B23BB63A-A95C-4F12-B9CF-CE4C100CC075}.Release|x86.Build.0 = Release|Any CPU
		{81DDED9D-158B-E303-5F62-77A2896D2A5A}.Debug|Any CPU.ActiveCfg = Debug|Any CPU
		{81DDED9D-158B-E303-5F62-77A2896D2A5A}.Debug|Any CPU.Build.0 = Debug|Any CPU
		{81DDED9D-158B-E303-5F62-77A2896D2A5A}.Debug|x64.ActiveCfg = Debug|Any CPU
		{81DDED9D-158B-E303-5F62-77A2896D2A5A}.Debug|x64.Build.0 = Debug|Any CPU
		{81DDED9D-158B-E303-5F62-77A2896D2A5A}.Debug|x86.ActiveCfg = Debug|Any CPU
		{81DDED9D-158B-E303-5F62-77A2896D2A5A}.Debug|x86.Build.0 = Debug|Any CPU
		{81DDED9D-158B-E303-5F62-77A2896D2A5A}.Release|Any CPU.ActiveCfg = Release|Any CPU
		{81DDED9D-158B-E303-5F62-77A2896D2A5A}.Release|Any CPU.Build.0 = Release|Any CPU
		{81DDED9D-158B-E303-5F62-77A2896D2A5A}.Release|x64.ActiveCfg = Release|Any CPU
		{81DDED9D-158B-E303-5F62-77A2896D2A5A}.Release|x64.Build.0 = Release|Any CPU
		{81DDED9D-158B-E303-5F62-77A2896D2A5A}.Release|x86.ActiveCfg = Release|Any CPU
		{81DDED9D-158B-E303-5F62-77A2896D2A5A}.Release|x86.Build.0 = Release|Any CPU
	EndGlobalSection
	GlobalSection(SolutionProperties) = preSolution
		HideSolutionNode = FALSE
	EndGlobalSection
	GlobalSection(NestedProjects) = preSolution
		{2A4C896D-84E3-42C8-8A58-FA6EB9206F38} = {02EA681E-C7D8-13C7-8484-4AC65E1B71E8}
		{3356E855-4C5E-47DA-9B99-A49B596A0CE3} = {02EA681E-C7D8-13C7-8484-4AC65E1B71E8}
	EndGlobalSection
EndGlobal
